
Microsoft Visual Studio Solution File, Format Version 11.00
# Visual Studio 2010
Project("{FAE04EC0-301F-11D3-BF4B-00C04F79EFBC}") = "Owlight", "Assembly-CSharp.csproj", "{A7EA31E2-9A8E-7A18-57B5-E4CA6115FD7F}"
EndProject
Global
	GlobalSection(SolutionConfigurationPlatforms) = preSolution
		Debug|Any CPU = Debug|Any CPU
		Release|Any CPU = Release|Any CPU
	EndGlobalSection
	GlobalSection(ProjectConfigurationPlatforms) = postSolution
		{A7EA31E2-9A8E-7A18-57B5-E4CA6115FD7F}.Debug|Any CPU.ActiveCfg = Debug|Any CPU
		{A7EA31E2-9A8E-7A18-57B5-E4CA6115FD7F}.Debug|Any CPU.Build.0 = Debug|Any CPU
		{A7EA31E2-9A8E-7A18-57B5-E4CA6115FD7F}.Release|Any CPU.ActiveCfg = Release|Any CPU
		{A7EA31E2-9A8E-7A18-57B5-E4CA6115FD7F}.Release|Any CPU.Build.0 = Release|Any CPU
	EndGlobalSection
	GlobalSection(SolutionProperties) = preSolution
		HideSolutionNode = FALSE
	EndGlobalSection
	GlobalSection(MonoDevelopProperties) = preSolution
		StartupItem = Assembly-CSharp.csproj
	EndGlobalSection
EndGlobal
